// !$*UTF8*$!
{
	archiveVersion = 1;
	classes = {
	};
	objectVersion = 77;
	objects = {

/* Begin PBXContainerItemProxy section */
		C02517472CC7A1EE001115F6 /* PBXContainerItemProxy */ = {
			isa = PBXContainerItemProxy;
			containerPortal = C025172E2CC7A1ED001115F6 /* Project object */;
			proxyType = 1;
			remoteGlobalIDString = C02517352CC7A1ED001115F6;
			remoteInfo = iOSCounterApp;
		};
		C02517512CC7A1EE001115F6 /* PBXContainerItemProxy */ = {
			isa = PBXContainerItemProxy;
			containerPortal = C025172E2CC7A1ED001115F6 /* Project object */;
			proxyType = 1;
			remoteGlobalIDString = C02517352CC7A1ED001115F6;
			remoteInfo = iOSCounterApp;
		};
/* End PBXContainerItemProxy section */

/* Begin PBXFileReference section */
		C02517362CC7A1ED001115F6 /* iOSCounterApp.app */ = {isa = PBXFileReference; explicitFileType = wrapper.application; includeInIndex = 0; path = iOSCounterApp.app; sourceTree = BUILT_PRODUCTS_DIR; };
		C02517462CC7A1EE001115F6 /* iOSCounterAppTests.xctest */ = {isa = PBXFileReference; explicitFileType = wrapper.cfbundle; includeInIndex = 0; path = iOSCounterAppTests.xctest; sourceTree = BUILT_PRODUCTS_DIR; };
		C02517502CC7A1EE001115F6 /* iOSCounterAppUITests.xctest */ = {isa = PBXFileReference; explicitFileType = wrapper.cfbundle; includeInIndex = 0; path = iOSCounterAppUITests.xctest; sourceTree = BUILT_PRODUCTS_DIR; };
/* End PBXFileReference section */

/* Begin PBXFileSystemSynchronizedRootGroup section */
		C02517382CC7A1ED001115F6 /* iOSCounterApp */ = {
			isa = PBXFileSystemSynchronizedRootGroup;
			path = iOSCounterApp;
			sourceTree = "<group>";
		};
		C02517492CC7A1EE001115F6 /* iOSCounterAppTests */ = {
			isa = PBXFileSystemSynchronizedRootGroup;
			path = iOSCounterAppTests;
			sourceTree = "<group>";
		};
		C02517532CC7A1EE001115F6 /* iOSCounterAppUITests */ = {
			isa = PBXFileSystemSynchronizedRootGroup;
			path = iOSCounterAppUITests;
			sourceTree = "<group>";
		};
/* End PBXFileSystemSynchronizedRootGroup section */

/* Begin PBXFrameworksBuildPhase section */
		C02517332CC7A1ED001115F6 /* Frameworks */ = {
			isa = PBXFrameworksBuildPhase;
			buildActionMask = 2147483647;
			files = (
			);
			runOnlyForDeploymentPostprocessing = 0;
		};
		C02517432CC7A1EE001115F6 /* Frameworks */ = {
			isa = PBXFrameworksBuildPhase;
			buildActionMask = 2147483647;
			files = (
			);
			runOnlyForDeploymentPostprocessing = 0;
		};
		C025174D2CC7A1EE001115F6 /* Frameworks */ = {
			isa = PBXFrameworksBuildPhase;
			buildActionMask = 2147483647;
			files = (
			);
			runOnlyForDeploymentPostprocessing = 0;
		};
/* End PBXFrameworksBuildPhase section */

/* Begin PBXGroup section */
		C025172D2CC7A1ED001115F6 = {
			isa = PBXGroup;
			children = (
				C02517382CC7A1ED001115F6 /* iOSCounterApp */,
				C02517492CC7A1EE001115F6 /* iOSCounterAppTests */,
				C02517532CC7A1EE001115F6 /* iOSCounterAppUITests */,
				C02517372CC7A1ED001115F6 /* Products */,
			);
			sourceTree = "<group>";
		};
		C02517372CC7A1ED001115F6 /* Products */ = {
			isa = PBXGroup;
			children = (
				C02517362CC7A1ED001115F6 /* iOSCounterApp.app */,
				C02517462CC7A1EE001115F6 /* iOSCounterAppTests.xctest */,
				C02517502CC7A1EE001115F6 /* iOSCounterAppUITests.xctest */,
			);
			name = Products;
			sourceTree = "<group>";
		};
/* End PBXGroup section */

/* Begin PBXNativeTarget section */
		C02517352CC7A1ED001115F6 /* iOSCounterApp */ = {
			isa = PBXNativeTarget;
			buildConfigurationList = C025175A2CC7A1EE001115F6 /* Build configuration list for PBXNativeTarget "iOSCounterApp" */;
			buildPhases = (
				C02517322CC7A1ED001115F6 /* Sources */,
				C02517332CC7A1ED001115F6 /* Frameworks */,
				C02517342CC7A1ED001115F6 /* Resources */,
			);
			buildRules = (
			);
			dependencies = (
			);
			fileSystemSynchronizedGroups = (
				C02517382CC7A1ED001115F6 /* iOSCounterApp */,
			);
			name = iOSCounterApp;
			packageProductDependencies = (
			);
			productName = iOSCounterApp;
			productReference = C02517362CC7A1ED001115F6 /* iOSCounterApp.app */;
			productType = "com.apple.product-type.application";
		};
		C02517452CC7A1EE001115F6 /* iOSCounterAppTests */ = {
			isa = PBXNativeTarget;
			buildConfigurationList = C025175D2CC7A1EE001115F6 /* Build configuration list for PBXNativeTarget "iOSCounterAppTests" */;
			buildPhases = (
				C02517422CC7A1EE001115F6 /* Sources */,
				C02517432CC7A1EE001115F6 /* Frameworks */,
				C02517442CC7A1EE001115F6 /* Resources */,
			);
			buildRules = (
			);
			dependencies = (
				C02517482CC7A1EE001115F6 /* PBXTargetDependency */,
			);
			fileSystemSynchronizedGroups = (
				C02517492CC7A1EE001115F6 /* iOSCounterAppTests */,
			);
			name = iOSCounterAppTests;
			packageProductDependencies = (
			);
			productName = iOSCounterAppTests;
			productReference = C02517462CC7A1EE001115F6 /* iOSCounterAppTests.xctest */;
			productType = "com.apple.product-type.bundle.unit-test";
		};
		C025174F2CC7A1EE001115F6 /* iOSCounterAppUITests */ = {
			isa = PBXNativeTarget;
			buildConfigurationList = C02517602CC7A1EE001115F6 /* Build configuration list for PBXNativeTarget "iOSCounterAppUITests" */;
			buildPhases = (
				C025174C2CC7A1EE001115F6 /* Sources */,
				C025174D2CC7A1EE001115F6 /* Frameworks */,
				C025174E2CC7A1EE001115F6 /* Resources */,
			);
			buildRules = (
			);
			dependencies = (
				C02517522CC7A1EE001115F6 /* PBXTargetDependency */,
			);
			fileSystemSynchronizedGroups = (
				C02517532CC7A1EE001115F6 /* iOSCounterAppUITests */,
			);
			name = iOSCounterAppUITests;
			packageProductDependencies = (
			);
			productName = iOSCounterAppUITests;
			productReference = C02517502CC7A1EE001115F6 /* iOSCounterAppUITests.xctest */;
			productType = "com.apple.product-type.bundle.ui-testing";
		};
/* End PBXNativeTarget section */

/* Begin PBXProject section */
		C025172E2CC7A1ED001115F6 /* Project object */ = {
			isa = PBXProject;
			attributes = {
				BuildIndependentTargetsInParallel = 1;
				LastSwiftUpdateCheck = 1600;
				LastUpgradeCheck = 1600;
				TargetAttributes = {
					C02517352CC7A1ED001115F6 = {
						CreatedOnToolsVersion = 16.0;
					};
					C02517452CC7A1EE001115F6 = {
						CreatedOnToolsVersion = 16.0;
						TestTargetID = C02517352CC7A1ED001115F6;
					};
					C025174F2CC7A1EE001115F6 = {
						CreatedOnToolsVersion = 16.0;
						TestTargetID = C02517352CC7A1ED001115F6;
					};
				};
			};
			buildConfigurationList = C02517312CC7A1ED001115F6 /* Build configuration list for PBXProject "iOSCounterApp" */;
			developmentRegion = en;
			hasScannedForEncodings = 0;
			knownRegions = (
				en,
				Base,
			);
			mainGroup = C025172D2CC7A1ED001115F6;
			minimizedProjectReferenceProxies = 1;
			preferredProjectObjectVersion = 77;
			productRefGroup = C02517372CC7A1ED001115F6 /* Products */;
			projectDirPath = "";
			projectRoot = "";
			targets = (
				C02517352CC7A1ED001115F6 /* iOSCounterApp */,
				C02517452CC7A1EE001115F6 /* iOSCounterAppTests */,
				C025174F2CC7A1EE001115F6 /* iOSCounterAppUITests */,
			);
		};
/* End PBXProject section */

/* Begin PBXResourcesBuildPhase section */
		C02517342CC7A1ED001115F6 /* Resources */ = {
			isa = PBXResourcesBuildPhase;
			buildActionMask = 2147483647;
			files = (
			);
			runOnlyForDeploymentPostprocessing = 0;
		};
		C02517442CC7A1EE001115F6 /* Resources */ = {
			isa = PBXResourcesBuildPhase;
			buildActionMask = 2147483647;
			files = (
			);
			runOnlyForDeploymentPostprocessing = 0;
		};
		C025174E2CC7A1EE001115F6 /* Resources */ = {
			isa = PBXResourcesBuildPhase;
			buildActionMask = 2147483647;
			files = (
			);
			runOnlyForDeploymentPostprocessing = 0;
		};
/* End PBXResourcesBuildPhase section */

/* Begin PBXSourcesBuildPhase section */
		C02517322CC7A1ED001115F6 /* Sources */ = {
			isa = PBXSourcesBuildPhase;
			buildActionMask = 2147483647;
			files = (
			);
			runOnlyForDeploymentPostprocessing = 0;
		};
		C02517422CC7A1EE001115F6 /* Sources */ = {
			isa = PBXSourcesBuildPhase;
			buildActionMask = 2147483647;
			files = (
			);
			runOnlyForDeploymentPostprocessing = 0;
		};
		C025174C2CC7A1EE001115F6 /* Sources */ = {
			isa = PBXSourcesBuildPhase;
			buildActionMask = 2147483647;
			files = (
			);
			runOnlyForDeploymentPostprocessing = 0;
		};
/* End PBXSourcesBuildPhase section */

/* Begin PBXTargetDependency section */
		C02517482CC7A1EE001115F6 /* PBXTargetDependency */ = {
			isa = PBXTargetDependency;
			target = C02517352CC7A1ED001115F6 /* iOSCounterApp */;
			targetProxy = C02517472CC7A1EE001115F6 /* PBXContainerItemProxy */;
		};
		C02517522CC7A1EE001115F6 /* PBXTargetDependency */ = {
			isa = PBXTargetDependency;
			target = C02517352CC7A1ED001115F6 /* iOSCounterApp */;
			targetProxy = C02517512CC7A1EE001115F6 /* PBXContainerItemProxy */;
		};
/* End PBXTargetDependency section */

/* Begin XCBuildConfiguration section */
		C02517582CC7A1EE001115F6 /* Debug */ = {
			isa = XCBuildConfiguration;
			buildSettings = {
				ALWAYS_SEARCH_USER_PATHS = NO;
				ASSETCATALOG_COMPILER_GENERATE_SWIFT_ASSET_SYMBOL_EXTENSIONS = YES;
				CLANG_ANALYZER_NONNULL = YES;
				CLANG_ANALYZER_NUMBER_OBJECT_CONVERSION = YES_AGGRESSIVE;
				CLANG_CXX_LANGUAGE_STANDARD = "gnu++20";
				CLANG_ENABLE_MODULES = YES;
				CLANG_ENABLE_OBJC_ARC = YES;
				CLANG_ENABLE_OBJC_WEAK = YES;
				CLANG_WARN_BLOCK_CAPTURE_AUTORELEASING = YES;
				CLANG_WARN_BOOL_CONVERSION = YES;
				CLANG_WARN_COMMA = YES;
				CLANG_WARN_CONSTANT_CONVERSION = YES;
				CLANG_WARN_DEPRECATED_OBJC_IMPLEMENTATIONS = YES;
				CLANG_WARN_DIRECT_OBJC_ISA_USAGE = YES_ERROR;
				CLANG_WARN_DOCUMENTATION_COMMENTS = YES;
				CLANG_WARN_EMPTY_BODY = YES;
				CLANG_WARN_ENUM_CONVERSION = YES;
				CLANG_WARN_INFINITE_RECURSION = YES;
				CLANG_WARN_INT_CONVERSION = YES;
				CLANG_WARN_NON_LITERAL_NULL_CONVERSION = YES;
				CLANG_WARN_OBJC_IMPLICIT_RETAIN_SELF = YES;
				CLANG_WARN_OBJC_LITERAL_CONVERSION = YES;
				CLANG_WARN_OBJC_ROOT_CLASS = YES_ERROR;
				CLANG_WARN_QUOTED_INCLUDE_IN_FRAMEWORK_HEADER = YES;
				CLANG_WARN_RANGE_LOOP_ANALYSIS = YES;
				CLANG_WARN_STRICT_PROTOTYPES = YES;
				CLANG_WARN_SUSPICIOUS_MOVE = YES;
				CLANG_WARN_UNGUARDED_AVAILABILITY = YES_AGGRESSIVE;
				CLANG_WARN_UNREACHABLE_CODE = YES;
				CLANG_WARN__DUPLICATE_METHOD_MATCH = YES;
				COPY_PHASE_STRIP = NO;
				DEBUG_INFORMATION_FORMAT = dwarf;
				ENABLE_STRICT_OBJC_MSGSEND = YES;
				ENABLE_TESTABILITY = YES;
				ENABLE_USER_SCRIPT_SANDBOXING = YES;
				GCC_C_LANGUAGE_STANDARD = gnu17;
				GCC_DYNAMIC_NO_PIC = NO;
				GCC_NO_COMMON_BLOCKS = YES;
				GCC_OPTIMIZATION_LEVEL = 0;
				GCC_PREPROCESSOR_DEFINITIONS = (
					"DEBUG=1",
					"$(inherited)",
				);
				GCC_WARN_64_TO_32_BIT_CONVERSION = YES;
				GCC_WARN_ABOUT_RETURN_TYPE = YES_ERROR;
				GCC_WARN_UNDECLARED_SELECTOR = YES;
				GCC_WARN_UNINITIALIZED_AUTOS = YES_AGGRESSIVE;
				GCC_WARN_UNUSED_FUNCTION = YES;
				GCC_WARN_UNUSED_VARIABLE = YES;
				IPHONEOS_DEPLOYMENT_TARGET = 18.0;
				LOCALIZATION_PREFERS_STRING_CATALOGS = YES;
				MTL_ENABLE_DEBUG_INFO = INCLUDE_SOURCE;
				MTL_FAST_MATH = YES;
				ONLY_ACTIVE_ARCH = YES;
				SDKROOT = iphoneos;
				SWIFT_ACTIVE_COMPILATION_CONDITIONS = "DEBUG $(inherited)";
				SWIFT_OPTIMIZATION_LEVEL = "-Onone";
			};
			name = Debug;
		};
		C02517592CC7A1EE001115F6 /* Release */ = {
			isa = XCBuildConfiguration;
			buildSettings = {
				ALWAYS_SEARCH_USER_PATHS = NO;
				ASSETCATALOG_COMPILER_GENERATE_SWIFT_ASSET_SYMBOL_EXTENSIONS = YES;
				CLANG_ANALYZER_NONNULL = YES;
				CLANG_ANALYZER_NUMBER_OBJECT_CONVERSION = YES_AGGRESSIVE;
				CLANG_CXX_LANGUAGE_STANDARD = "gnu++20";
				CLANG_ENABLE_MODULES = YES;
				CLANG_ENABLE_OBJC_ARC = YES;
				CLANG_ENABLE_OBJC_WEAK = YES;
				CLANG_WARN_BLOCK_CAPTURE_AUTORELEASING = YES;
				CLANG_WARN_BOOL_CONVERSION = YES;
				CLANG_WARN_COMMA = YES;
				CLANG_WARN_CONSTANT_CONVERSION = YES;
				CLANG_WARN_DEPRECATED_OBJC_IMPLEMENTATIONS = YES;
				CLANG_WARN_DIRECT_OBJC_ISA_USAGE = YES_ERROR;
				CLANG_WARN_DOCUMENTATION_COMMENTS = YES;
				CLANG_WARN_EMPTY_BODY = YES;
				CLANG_WARN_ENUM_CONVERSION = YES;
				CLANG_WARN_INFINITE_RECURSION = YES;
				CLANG_WARN_INT_CONVERSION = YES;
				CLANG_WARN_NON_LITERAL_NULL_CONVERSION = YES;
				CLANG_WARN_OBJC_IMPLICIT_RETAIN_SELF = YES;
				CLANG_WARN_OBJC_LITERAL_CONVERSION = YES;
				CLANG_WARN_OBJC_ROOT_CLASS = YES_ERROR;
				CLANG_WARN_QUOTED_INCLUDE_IN_FRAMEWORK_HEADER = YES;
				CLANG_WARN_RANGE_LOOP_ANALYSIS = YES;
				CLANG_WARN_STRICT_PROTOTYPES = YES;
				CLANG_WARN_SUSPICIOUS_MOVE = YES;
				CLANG_WARN_UNGUARDED_AVAILABILITY = YES_AGGRESSIVE;
				CLANG_WARN_UNREACHABLE_CODE = YES;
				CLANG_WARN__DUPLICATE_METHOD_MATCH = YES;
				COPY_PHASE_STRIP = NO;
				DEBUG_INFORMATION_FORMAT = "dwarf-with-dsym";
				ENABLE_NS_ASSERTIONS = NO;
				ENABLE_STRICT_OBJC_MSGSEND = YES;
				ENABLE_USER_SCRIPT_SANDBOXING = YES;
				GCC_C_LANGUAGE_STANDARD = gnu17;
				GCC_NO_COMMON_BLOCKS = YES;
				GCC_WARN_64_TO_32_BIT_CONVERSION = YES;
				GCC_WARN_ABOUT_RETURN_TYPE = YES_ERROR;
				GCC_WARN_UNDECLARED_SELECTOR = YES;
				GCC_WARN_UNINITIALIZED_AUTOS = YES_AGGRESSIVE;
				GCC_WARN_UNUSED_FUNCTION = YES;
				GCC_WARN_UNUSED_VARIABLE = YES;
				IPHONEOS_DEPLOYMENT_TARGET = 18.0;
				LOCALIZATION_PREFERS_STRING_CATALOGS = YES;
				MTL_ENABLE_DEBUG_INFO = NO;
				MTL_FAST_MATH = YES;
				SDKROOT = iphoneos;
				SWIFT_COMPILATION_MODE = wholemodule;
				VALIDATE_PRODUCT = YES;
			};
			name = Release;
		};
		C025175B2CC7A1EE001115F6 /* Debug */ = {
			isa = XCBuildConfiguration;
			buildSettings = {
				ASSETCATALOG_COMPILER_APPICON_NAME = AppIcon;
				ASSETCATALOG_COMPILER_GLOBAL_ACCENT_COLOR_NAME = AccentColor;
				CODE_SIGN_STYLE = Automatic;
				CURRENT_PROJECT_VERSION = 1;
				DEVELOPMENT_ASSET_PATHS = "\"iOSCounterApp/Preview Content\"";
				DEVELOPMENT_TEAM = K9JMGNMDKH;
				ENABLE_PREVIEWS = YES;
				GENERATE_INFOPLIST_FILE = YES;
				INFOPLIST_KEY_UIApplicationSceneManifest_Generation = YES;
				INFOPLIST_KEY_UIApplicationSupportsIndirectInputEvents = YES;
				INFOPLIST_KEY_UILaunchScreen_Generation = YES;
				INFOPLIST_KEY_UISupportedInterfaceOrientations_iPad = "UIInterfaceOrientationPortrait UIInterfaceOrientationPortraitUpsideDown UIInterfaceOrientationLandscapeLeft UIInterfaceOrientationLandscapeRight";
				INFOPLIST_KEY_UISupportedInterfaceOrientations_iPhone = "UIInterfaceOrientationPortrait UIInterfaceOrientationLandscapeLeft UIInterfaceOrientationLandscapeRight";
				LD_RUNPATH_SEARCH_PATHS = (
					"$(inherited)",
					"@executable_path/Frameworks",
				);
				MARKETING_VERSION = 1.0;
				PRODUCT_BUNDLE_IDENTIFIER = my.bayopay.iOSCounterApp;
				PRODUCT_NAME = "$(TARGET_NAME)";
				SWIFT_EMIT_LOC_STRINGS = YES;
				SWIFT_VERSION = 5.0;
				TARGETED_DEVICE_FAMILY = "1,2";
			};
			name = Debug;
		};
		C025175C2CC7A1EE001115F6 /* Release */ = {
			isa = XCBuildConfiguration;
			buildSettings = {
				ASSETCATALOG_COMPILER_APPICON_NAME = AppIcon;
				ASSETCATALOG_COMPILER_GLOBAL_ACCENT_COLOR_NAME = AccentColor;
				CODE_SIGN_STYLE = Automatic;
				CURRENT_PROJECT_VERSION = 1;
				DEVELOPMENT_ASSET_PATHS = "\"iOSCounterApp/Preview Content\"";
				DEVELOPMENT_TEAM = K9JMGNMDKH;
				ENABLE_PREVIEWS = YES;
				GENERATE_INFOPLIST_FILE = YES;
				INFOPLIST_KEY_UIApplicationSceneManifest_Generation = YES;
				INFOPLIST_KEY_UIApplicationSupportsIndirectInputEvents = YES;
				INFOPLIST_KEY_UILaunchScreen_Generation = YES;
				INFOPLIST_KEY_UISupportedInterfaceOrientations_iPad = "UIInterfaceOrientationPortrait UIInterfaceOrientationPortraitUpsideDown UIInterfaceOrientationLandscapeLeft UIInterfaceOrientationLandscapeRight";
				INFOPLIST_KEY_UISupportedInterfaceOrientations_iPhone = "UIInterfaceOrientationPortrait UIInterfaceOrientationLandscapeLeft UIInterfaceOrientationLandscapeRight";
				LD_RUNPATH_SEARCH_PATHS = (
					"$(inherited)",
					"@executable_path/Frameworks",
				);
				MARKETING_VERSION = 1.0;
				PRODUCT_BUNDLE_IDENTIFIER = my.bayopay.iOSCounterApp;
				PRODUCT_NAME = "$(TARGET_NAME)";
				SWIFT_EMIT_LOC_STRINGS = YES;
				SWIFT_VERSION = 5.0;
				TARGETED_DEVICE_FAMILY = "1,2";
			};
			name = Release;
		};
		C025175E2CC7A1EE001115F6 /* Debug */ = {
			isa = XCBuildConfiguration;
			buildSettings = {
				BUNDLE_LOADER = "$(TEST_HOST)";
				CODE_SIGN_STYLE = Automatic;
				CURRENT_PROJECT_VERSION = 1;
				DEVELOPMENT_TEAM = K9JMGNMDKH;
				GENERATE_INFOPLIST_FILE = YES;
				IPHONEOS_DEPLOYMENT_TARGET = 18.0;
				MARKETING_VERSION = 1.0;
				PRODUCT_BUNDLE_IDENTIFIER = my.bayopay.iOSCounterAppTests;
				PRODUCT_NAME = "$(TARGET_NAME)";
				SWIFT_EMIT_LOC_STRINGS = NO;
				SWIFT_VERSION = 5.0;
				TARGETED_DEVICE_FAMILY = "1,2";
				TEST_HOST = "$(BUILT_PRODUCTS_DIR)/iOSCounterApp.app/$(BUNDLE_EXECUTABLE_FOLDER_PATH)/iOSCounterApp";
			};
			name = Debug;
		};
		C025175F2CC7A1EE001115F6 /* Release */ = {
			isa = XCBuildConfiguration;
			buildSettings = {
				BUNDLE_LOADER = "$(TEST_HOST)";
				CODE_SIGN_STYLE = Automatic;
				CURRENT_PROJECT_VERSION = 1;
				DEVELOPMENT_TEAM = K9JMGNMDKH;
				GENERATE_INFOPLIST_FILE = YES;
				IPHONEOS_DEPLOYMENT_TARGET = 18.0;
				MARKETING_VERSION = 1.0;
				PRODUCT_BUNDLE_IDENTIFIER = my.bayopay.iOSCounterAppTests;
				PRODUCT_NAME = "$(TARGET_NAME)";
				SWIFT_EMIT_LOC_STRINGS = NO;
				SWIFT_VERSION = 5.0;
				TARGETED_DEVICE_FAMILY = "1,2";
				TEST_HOST = "$(BUILT_PRODUCTS_DIR)/iOSCounterApp.app/$(BUNDLE_EXECUTABLE_FOLDER_PATH)/iOSCounterApp";
			};
			name = Release;
		};
		C02517612CC7A1EE001115F6 /* Debug */ = {
			isa = XCBuildConfiguration;
			buildSettings = {
				CODE_SIGN_STYLE = Automatic;
				CURRENT_PROJECT_VERSION = 1;
				DEVELOPMENT_TEAM = K9JMGNMDKH;
				GENERATE_INFOPLIST_FILE = YES;
				MARKETING_VERSION = 1.0;
				PRODUCT_BUNDLE_IDENTIFIER = my.bayopay.iOSCounterAppUITests;
				PRODUCT_NAME = "$(TARGET_NAME)";
				SWIFT_EMIT_LOC_STRINGS = NO;
				SWIFT_VERSION = 5.0;
				TARGETED_DEVICE_FAMILY = "1,2";
				TEST_TARGET_NAME = iOSCounterApp;
			};
			name = Debug;
		};
		C02517622CC7A1EE001115F6 /* Release */ = {
			isa = XCBuildConfiguration;
			buildSettings = {
				CODE_SIGN_STYLE = Automatic;
				CURRENT_PROJECT_VERSION = 1;
				DEVELOPMENT_TEAM = K9JMGNMDKH;
				GENERATE_INFOPLIST_FILE = YES;
				MARKETING_VERSION = 1.0;
				PRODUCT_BUNDLE_IDENTIFIER = my.bayopay.iOSCounterAppUITests;
				PRODUCT_NAME = "$(TARGET_NAME)";
				SWIFT_EMIT_LOC_STRINGS = NO;
				SWIFT_VERSION = 5.0;
				TARGETED_DEVICE_FAMILY = "1,2";
				TEST_TARGET_NAME = iOSCounterApp;
			};
			name = Release;
		};
/* End XCBuildConfiguration section */

/* Begin XCConfigurationList section */
		C02517312CC7A1ED001115F6 /* Build configuration list for PBXProject "iOSCounterApp" */ = {
			isa = XCConfigurationList;
			buildConfigurations = (
				C02517582CC7A1EE001115F6 /* Debug */,
				C02517592CC7A1EE001115F6 /* Release */,
			);
			defaultConfigurationIsVisible = 0;
			defaultConfigurationName = Release;
		};
		C025175A2CC7A1EE001115F6 /* Build configuration list for PBXNativeTarget "iOSCounterApp" */ = {
			isa = XCConfigurationList;
			buildConfigurations = (
				C025175B2CC7A1EE001115F6 /* Debug */,
				C025175C2CC7A1EE001115F6 /* Release */,
			);
			defaultConfigurationIsVisible = 0;
			defaultConfigurationName = Release;
		};
		C025175D2CC7A1EE001115F6 /* Build configuration list for PBXNativeTarget "iOSCounterAppTests" */ = {
			isa = XCConfigurationList;
			buildConfigurations = (
				C025175E2CC7A1EE001115F6 /* Debug */,
				C025175F2CC7A1EE001115F6 /* Release */,
			);
			defaultConfigurationIsVisible = 0;
			defaultConfigurationName = Release;
		};
		C02517602CC7A1EE001115F6 /* Build configuration list for PBXNativeTarget "iOSCounterAppUITests" */ = {
			isa = XCConfigurationList;
			buildConfigurations = (
				C02517612CC7A1EE001115F6 /* Debug */,
				C02517622CC7A1EE001115F6 /* Release */,
			);
			defaultConfigurationIsVisible = 0;
			defaultConfigurationName = Release;
		};
/* End XCConfigurationList section */
	};
	rootObject = C025172E2CC7A1ED001115F6 /* Project object */;
}
